
Microsoft Visual Studio Solution File, Format Version 12.00
# Visual Studio 15
Project("{FAE04EC0-301F-11D3-BF4B-00C04F79EFBC}") = "Notes.Android", "Notes.Android\Notes.Android.csproj", "{C0ACFC9E-08D7-41A2-A781-33EFD193CBC3}"
EndProject
Project("{FAE04EC0-301F-11D3-BF4B-00C04F79EFBC}") = "Notes.iOS", "Notes.iOS\Notes.iOS.csproj", "{FDFC6322-3BDF-410A-A77A-03EE8112DFEE}"
EndProject
Project("{FAE04EC0-301F-11D3-BF4B-00C04F79EFBC}") = "Notes", "Notes\Notes.csproj", "{AE0CAF3A-D985-41B5-878D-778A2800315F}"
EndProject
Global
	GlobalSection(SolutionConfigurationPlatforms) = preSolution
		Debug|Any CPU = Debug|Any CPU
		Release|Any CPU = Release|Any CPU
		Debug|iPhoneSimulator = Debug|iPhoneSimulator
		Release|iPhoneSimulator = Release|iPhoneSimulator
		Debug|iPhone = Debug|iPhone
		Release|iPhone = Release|iPhone
	EndGlobalSection
	GlobalSection(ProjectConfigurationPlatforms) = postSolution
		{C0ACFC9E-08D7-41A2-A781-33EFD193CBC3}.Debug|Any CPU.ActiveCfg = Debug|Any CPU
		{C0ACFC9E-08D7-41A2-A781-33EFD193CBC3}.Debug|Any CPU.Build.0 = Debug|Any CPU
		{C0ACFC9E-08D7-41A2-A781-33EFD193CBC3}.Release|Any CPU.ActiveCfg = Release|Any CPU
		{C0ACFC9E-08D7-41A2-A781-33EFD193CBC3}.Release|Any CPU.Build.0 = Release|Any CPU
		{C0ACFC9E-08D7-41A2-A781-33EFD193CBC3}.Debug|iPhoneSimulator.ActiveCfg = Debug|Any CPU
		{C0ACFC9E-08D7-41A2-A781-33EFD193CBC3}.Debug|iPhoneSimulator.Build.0 = Debug|Any CPU
		{C0ACFC9E-08D7-41A2-A781-33EFD193CBC3}.Release|iPhoneSimulator.ActiveCfg = Release|Any CPU
		{C0ACFC9E-08D7-41A2-A781-33EFD193CBC3}.Release|iPhoneSimulator.Build.0 = Release|Any CPU
		{C0ACFC9E-08D7-41A2-A781-33EFD193CBC3}.Debug|iPhone.ActiveCfg = Debug|Any CPU
		{C0ACFC9E-08D7-41A2-A781-33EFD193CBC3}.Debug|iPhone.Build.0 = Debug|Any CPU
		{C0ACFC9E-08D7-41A2-A781-33EFD193CBC3}.Release|iPhone.ActiveCfg = Release|Any CPU
		{C0ACFC9E-08D7-41A2-A781-33EFD193CBC3}.Release|iPhone.Build.0 = Release|Any CPU
		{FDFC6322-3BDF-410A-A77A-03EE8112DFEE}.Debug|Any CPU.ActiveCfg = Debug|iPhoneSimulator
		{FDFC6322-3BDF-410A-A77A-03EE8112DFEE}.Debug|Any CPU.Build.0 = Debug|iPhoneSimulator
		{FDFC6322-3BDF-410A-A77A-03EE8112DFEE}.Release|Any CPU.ActiveCfg = Release|iPhoneSimulator
		{FDFC6322-3BDF-410A-A77A-03EE8112DFEE}.Release|Any CPU.Build.0 = Release|iPhoneSimulator
		{FDFC6322-3BDF-410A-A77A-03EE8112DFEE}.Debug|iPhoneSimulator.ActiveCfg = Debug|iPhoneSimulator
		{FDFC6322-3BDF-410A-A77A-03EE8112DFEE}.Debug|iPhoneSimulator.Build.0 = Debug|iPhoneSimulator
		{FDFC6322-3BDF-410A-A77A-03EE8112DFEE}.Release|iPhoneSimulator.ActiveCfg = Release|iPhoneSimulator
		{FDFC6322-3BDF-410A-A77A-03EE8112DFEE}.Release|iPhoneSimulator.Build.0 = Release|iPhoneSimulator
		{FDFC6322-3BDF-410A-A77A-03EE8112DFEE}.Debug|iPhone.ActiveCfg = Debug|iPhone
		{FDFC6322-3BDF-410A-A77A-03EE8112DFEE}.Debug|iPhone.Build.0 = Debug|iPhone
		{FDFC6322-3BDF-410A-A77A-03EE8112DFEE}.Release|iPhone.ActiveCfg = Release|iPhone
		{FDFC6322-3BDF-410A-A77A-03EE8112DFEE}.Release|iPhone.Build.0 = Release|iPhone
		{AE0CAF3A-D985-41B5-878D-778A2800315F}.Debug|Any CPU.ActiveCfg = Debug|Any CPU
		{AE0CAF3A-D985-41B5-878D-778A2800315F}.Debug|Any CPU.Build.0 = Debug|Any CPU
		{AE0CAF3A-D985-41B5-878D-778A2800315F}.Release|Any CPU.ActiveCfg = Release|Any CPU
		{AE0CAF3A-D985-41B5-878D-778A2800315F}.Release|Any CPU.Build.0 = Release|Any CPU
		{AE0CAF3A-D985-41B5-878D-778A2800315F}.Debug|iPhoneSimulator.ActiveCfg = Debug|Any CPU
		{AE0CAF3A-D985-41B5-878D-778A2800315F}.Debug|iPhoneSimulator.Build.0 = Debug|Any CPU
		{AE0CAF3A-D985-41B5-878D-778A2800315F}.Release|iPhoneSimulator.ActiveCfg = Release|Any CPU
		{AE0CAF3A-D985-41B5-878D-778A2800315F}.Release|iPhoneSimulator.Build.0 = Release|Any CPU
		{AE0CAF3A-D985-41B5-878D-778A2800315F}.Debug|iPhone.ActiveCfg = Debug|Any CPU
		{AE0CAF3A-D985-41B5-878D-778A2800315F}.Debug|iPhone.Build.0 = Debug|Any CPU
		{AE0CAF3A-D985-41B5-878D-778A2800315F}.Release|iPhone.ActiveCfg = Release|Any CPU
		{AE0CAF3A-D985-41B5-878D-778A2800315F}.Release|iPhone.Build.0 = Release|Any CPU
	EndGlobalSection
EndGlobal
